
Microsoft Visual Studio Solution File, Format Version 12.00
# Visual Studio 15
VisualStudioVersion = 15.0.27703.2026
MinimumVisualStudioVersion = 10.0.40219.1
Project("{FAE04EC0-301F-11D3-BF4B-00C04F79EFBC}") = "Nulos", "Nulos\Nulos.csproj", "{75EDD6C3-235A-43D3-B0E1-DB4E5BB17499}"
EndProject
Global
	GlobalSection(SolutionConfigurationPlatforms) = preSolution
		Debug|Any CPU = Debug|Any CPU
		Release|Any CPU = Release|Any CPU
	EndGlobalSection
	GlobalSection(ProjectConfigurationPlatforms) = postSolution
		{75EDD6C3-235A-43D3-B0E1-DB4E5BB17499}.Debug|Any CPU.ActiveCfg = Debug|Any CPU
		{75EDD6C3-235A-43D3-B0E1-DB4E5BB17499}.Debug|Any CPU.Build.0 = Debug|Any CPU
		{75EDD6C3-235A-43D3-B0E1-DB4E5BB17499}.Release|Any CPU.ActiveCfg = Release|Any CPU
		{75EDD6C3-235A-43D3-B0E1-DB4E5BB17499}.Release|Any CPU.Build.0 = Release|Any CPU
	EndGlobalSection
	GlobalSection(SolutionProperties) = preSolution
		HideSolutionNode = FALSE
	EndGlobalSection
	GlobalSection(ExtensibilityGlobals) = postSolution
		SolutionGuid = {F2D332BE-A040-420C-B192-6815BA94ECA6}
	EndGlobalSection
EndGlobal
